
Microsoft Visual Studio Solution File, Format Version 12.00
# Visual Studio 14
VisualStudioVersion = 14.0.25420.1
MinimumVisualStudioVersion = 10.0.40219.1
Project("{1B19158F-E398-40A6-8E3B-350508E125F1}") = "devTest", "devTest\devTest.dxjsproj", "{0E24C8E3-EB7E-4EBF-8701-9F5AE7CE681B}"
EndProject
Global
	GlobalSection(SolutionConfigurationPlatforms) = preSolution
		Debug|Any CPU = Debug|Any CPU
		Release|Any CPU = Release|Any CPU
	EndGlobalSection
	GlobalSection(ProjectConfigurationPlatforms) = postSolution
		{0E24C8E3-EB7E-4EBF-8701-9F5AE7CE681B}.Debug|Any CPU.ActiveCfg = Debug|Any CPU
		{0E24C8E3-EB7E-4EBF-8701-9F5AE7CE681B}.Debug|Any CPU.Build.0 = Debug|Any CPU
		{0E24C8E3-EB7E-4EBF-8701-9F5AE7CE681B}.Release|Any CPU.ActiveCfg = Release|Any CPU
		{0E24C8E3-EB7E-4EBF-8701-9F5AE7CE681B}.Release|Any CPU.Build.0 = Release|Any CPU
	EndGlobalSection
	GlobalSection(SolutionProperties) = preSolution
		HideSolutionNode = FALSE
	EndGlobalSection
EndGlobal
